
Microsoft Visual Studio Solution File, Format Version 12.00
# Visual Studio Express 2012 for Web
Project("{E24C65DC-7377-472B-9ABA-BC803B73C61A}") = "Website", "Website\", "{C74E2906-1AEF-48B9-A477-F8415E3A6F30}"
	ProjectSection(WebsiteProperties) = preProject
		TargetFrameworkMoniker = ".NETFramework,Version%3Dv4.5"
		ProjectReferences = "{1709c729-7154-4c83-8929-e9cef931a33f}|EmailNotification.dll;{5a2982ce-6c11-4ddc-ad23-826dab341534}|IoC.dll;{7195ad82-0bed-449a-be2e-49ea764bb419}|Csv.dll;"
		Debug.AspNetCompiler.VirtualPath = "/Website"
		Debug.AspNetCompiler.PhysicalPath = "Website\"
		Debug.AspNetCompiler.TargetPath = "PrecompiledWeb\Website\"
		Debug.AspNetCompiler.Updateable = "true"
		Debug.AspNetCompiler.ForceOverwrite = "true"
		Debug.AspNetCompiler.FixedNames = "false"
		Debug.AspNetCompiler.Debug = "True"
		Release.AspNetCompiler.VirtualPath = "/Website"
		Release.AspNetCompiler.PhysicalPath = "Website\"
		Release.AspNetCompiler.TargetPath = "PrecompiledWeb\Website\"
		Release.AspNetCompiler.Updateable = "true"
		Release.AspNetCompiler.ForceOverwrite = "true"
		Release.AspNetCompiler.FixedNames = "false"
		Release.AspNetCompiler.Debug = "False"
		VWDPort = "57290"
		VWDVirtualPath = "/"
	EndProjectSection
EndProject
Project("{FAE04EC0-301F-11D3-BF4B-00C04F79EFBC}") = "EmailNotification", "EmailNotification\EmailNotification.csproj", "{1709C729-7154-4C83-8929-E9CEF931A33F}"
EndProject
Project("{FAE04EC0-301F-11D3-BF4B-00C04F79EFBC}") = "EmailNotificationTest", "EmailNotificationTest\EmailNotificationTest.csproj", "{AB1A16C0-3E31-4CF6-9F6C-9905E9F6DC76}"
EndProject
Project("{FAE04EC0-301F-11D3-BF4B-00C04F79EFBC}") = "IoC", "IoC\IoC.csproj", "{5A2982CE-6C11-4DDC-AD23-826DAB341534}"
EndProject
Project("{FAE04EC0-301F-11D3-BF4B-00C04F79EFBC}") = "Csv", "Csv\Csv.csproj", "{7195AD82-0BED-449A-BE2E-49EA764BB419}"
EndProject
Global
	GlobalSection(SolutionConfigurationPlatforms) = preSolution
		Debug|Any CPU = Debug|Any CPU
		Release|Any CPU = Release|Any CPU
	EndGlobalSection
	GlobalSection(ProjectConfigurationPlatforms) = postSolution
		{C74E2906-1AEF-48B9-A477-F8415E3A6F30}.Debug|Any CPU.ActiveCfg = Debug|Any CPU
		{C74E2906-1AEF-48B9-A477-F8415E3A6F30}.Debug|Any CPU.Build.0 = Debug|Any CPU
		{C74E2906-1AEF-48B9-A477-F8415E3A6F30}.Release|Any CPU.ActiveCfg = Debug|Any CPU
		{C74E2906-1AEF-48B9-A477-F8415E3A6F30}.Release|Any CPU.Build.0 = Debug|Any CPU
		{1709C729-7154-4C83-8929-E9CEF931A33F}.Debug|Any CPU.ActiveCfg = Debug|Any CPU
		{1709C729-7154-4C83-8929-E9CEF931A33F}.Debug|Any CPU.Build.0 = Debug|Any CPU
		{1709C729-7154-4C83-8929-E9CEF931A33F}.Release|Any CPU.ActiveCfg = Release|Any CPU
		{1709C729-7154-4C83-8929-E9CEF931A33F}.Release|Any CPU.Build.0 = Release|Any CPU
		{AB1A16C0-3E31-4CF6-9F6C-9905E9F6DC76}.Debug|Any CPU.ActiveCfg = Debug|Any CPU
		{AB1A16C0-3E31-4CF6-9F6C-9905E9F6DC76}.Debug|Any CPU.Build.0 = Debug|Any CPU
		{AB1A16C0-3E31-4CF6-9F6C-9905E9F6DC76}.Release|Any CPU.ActiveCfg = Release|Any CPU
		{AB1A16C0-3E31-4CF6-9F6C-9905E9F6DC76}.Release|Any CPU.Build.0 = Release|Any CPU
		{5A2982CE-6C11-4DDC-AD23-826DAB341534}.Debug|Any CPU.ActiveCfg = Debug|Any CPU
		{5A2982CE-6C11-4DDC-AD23-826DAB341534}.Debug|Any CPU.Build.0 = Debug|Any CPU
		{5A2982CE-6C11-4DDC-AD23-826DAB341534}.Release|Any CPU.ActiveCfg = Release|Any CPU
		{5A2982CE-6C11-4DDC-AD23-826DAB341534}.Release|Any CPU.Build.0 = Release|Any CPU
		{7195AD82-0BED-449A-BE2E-49EA764BB419}.Debug|Any CPU.ActiveCfg = Debug|Any CPU
		{7195AD82-0BED-449A-BE2E-49EA764BB419}.Debug|Any CPU.Build.0 = Debug|Any CPU
		{7195AD82-0BED-449A-BE2E-49EA764BB419}.Release|Any CPU.ActiveCfg = Release|Any CPU
		{7195AD82-0BED-449A-BE2E-49EA764BB419}.Release|Any CPU.Build.0 = Release|Any CPU
	EndGlobalSection
	GlobalSection(SolutionProperties) = preSolution
		HideSolutionNode = FALSE
	EndGlobalSection
EndGlobal
